
Microsoft Visual Studio Solution File, Format Version 10.00
# Visual Studio 2008
Project("{FAE04EC0-301F-11D3-BF4B-00C04F79EFBC}") = "Mechsoft.PFSales.BusinessEntity", "Mechsoft.PFSales.BusinessEntity\Mechsoft.PFSales.BusinessEntity.csproj", "{491175B5-95BA-43EF-9C5A-E0C9EDC30A1D}"
EndProject
Project("{FAE04EC0-301F-11D3-BF4B-00C04F79EFBC}") = "Mechsoft.PFSales.DataAccess", "Mechsoft.PFSales.DataAccess\Mechsoft.PFSales.DataAccess.csproj", "{146ADBC6-6B42-421A-82B7-4B96BDAC3488}"
	ProjectSection(ProjectDependencies) = postProject
		{491175B5-95BA-43EF-9C5A-E0C9EDC30A1D} = {491175B5-95BA-43EF-9C5A-E0C9EDC30A1D}
	EndProjectSection
EndProject
Project("{FAE04EC0-301F-11D3-BF4B-00C04F79EFBC}") = "Mechsoft.PFSales.BusinessManager", "Mechsoft.PFSales.BusinessManager\Mechsoft.PFSales.BusinessManager.csproj", "{FB5C48D0-33FE-49E4-B474-76A9D1E0FC87}"
	ProjectSection(ProjectDependencies) = postProject
		{491175B5-95BA-43EF-9C5A-E0C9EDC30A1D} = {491175B5-95BA-43EF-9C5A-E0C9EDC30A1D}
		{146ADBC6-6B42-421A-82B7-4B96BDAC3488} = {146ADBC6-6B42-421A-82B7-4B96BDAC3488}
	EndProjectSection
EndProject
Project("{E24C65DC-7377-472B-9ABA-BC803B73C61A}") = "PFSalesWeb", "PFSalesWeb\", "{3E5AA0DF-568B-450F-B0A6-AE2A85341E8F}"
	ProjectSection(WebsiteProperties) = preProject
		SccProjectName = ""
		SccAuxPath = ""
		SccLocalPath = ""
		SccProvider = ""
		TargetFramework = "3.5"
		ProjectReferences = "{491175B5-95BA-43EF-9C5A-E0C9EDC30A1D}|Mechsoft.PFSales.BusinessEntity.dll;{FB5C48D0-33FE-49E4-B474-76A9D1E0FC87}|Mechsoft.PFSales.BusinessManager.dll;{146ADBC6-6B42-421A-82B7-4B96BDAC3488}|Mechsoft.PFSales.DataAccess.dll;"
		Debug.AspNetCompiler.VirtualPath = "/PFSalesWeb"
		Debug.AspNetCompiler.PhysicalPath = "PFSalesWeb\"
		Debug.AspNetCompiler.TargetPath = "PrecompiledWeb\PFSalesWeb\"
		Debug.AspNetCompiler.Updateable = "true"
		Debug.AspNetCompiler.ForceOverwrite = "true"
		Debug.AspNetCompiler.FixedNames = "false"
		Debug.AspNetCompiler.Debug = "True"
		Release.AspNetCompiler.VirtualPath = "/PFSalesWeb"
		Release.AspNetCompiler.PhysicalPath = "PFSalesWeb\"
		Release.AspNetCompiler.TargetPath = "PrecompiledWeb\PFSalesWeb\"
		Release.AspNetCompiler.Updateable = "true"
		Release.AspNetCompiler.ForceOverwrite = "true"
		Release.AspNetCompiler.FixedNames = "false"
		Release.AspNetCompiler.Debug = "False"
		VWDPort = "4634"
	EndProjectSection
EndProject
Global
	GlobalSection(SolutionConfigurationPlatforms) = preSolution
		Debug|.NET = Debug|.NET
		Debug|Any CPU = Debug|Any CPU
		Debug|Mixed Platforms = Debug|Mixed Platforms
		Release|.NET = Release|.NET
		Release|Any CPU = Release|Any CPU
		Release|Mixed Platforms = Release|Mixed Platforms
	EndGlobalSection
	GlobalSection(ProjectConfigurationPlatforms) = postSolution
		{491175B5-95BA-43EF-9C5A-E0C9EDC30A1D}.Debug|.NET.ActiveCfg = Debug|Any CPU
		{491175B5-95BA-43EF-9C5A-E0C9EDC30A1D}.Debug|Any CPU.ActiveCfg = Debug|Any CPU
		{491175B5-95BA-43EF-9C5A-E0C9EDC30A1D}.Debug|Any CPU.Build.0 = Debug|Any CPU
		{491175B5-95BA-43EF-9C5A-E0C9EDC30A1D}.Debug|Mixed Platforms.ActiveCfg = Debug|Any CPU
		{491175B5-95BA-43EF-9C5A-E0C9EDC30A1D}.Debug|Mixed Platforms.Build.0 = Debug|Any CPU
		{491175B5-95BA-43EF-9C5A-E0C9EDC30A1D}.Release|.NET.ActiveCfg = Release|Any CPU
		{491175B5-95BA-43EF-9C5A-E0C9EDC30A1D}.Release|Any CPU.ActiveCfg = Release|Any CPU
		{491175B5-95BA-43EF-9C5A-E0C9EDC30A1D}.Release|Any CPU.Build.0 = Release|Any CPU
		{491175B5-95BA-43EF-9C5A-E0C9EDC30A1D}.Release|Mixed Platforms.ActiveCfg = Release|Any CPU
		{491175B5-95BA-43EF-9C5A-E0C9EDC30A1D}.Release|Mixed Platforms.Build.0 = Release|Any CPU
		{146ADBC6-6B42-421A-82B7-4B96BDAC3488}.Debug|.NET.ActiveCfg = Debug|Any CPU
		{146ADBC6-6B42-421A-82B7-4B96BDAC3488}.Debug|Any CPU.ActiveCfg = Debug|Any CPU
		{146ADBC6-6B42-421A-82B7-4B96BDAC3488}.Debug|Any CPU.Build.0 = Debug|Any CPU
		{146ADBC6-6B42-421A-82B7-4B96BDAC3488}.Debug|Mixed Platforms.ActiveCfg = Debug|Any CPU
		{146ADBC6-6B42-421A-82B7-4B96BDAC3488}.Debug|Mixed Platforms.Build.0 = Debug|Any CPU
		{146ADBC6-6B42-421A-82B7-4B96BDAC3488}.Release|.NET.ActiveCfg = Release|Any CPU
		{146ADBC6-6B42-421A-82B7-4B96BDAC3488}.Release|Any CPU.ActiveCfg = Release|Any CPU
		{146ADBC6-6B42-421A-82B7-4B96BDAC3488}.Release|Any CPU.Build.0 = Release|Any CPU
		{146ADBC6-6B42-421A-82B7-4B96BDAC3488}.Release|Mixed Platforms.ActiveCfg = Release|Any CPU
		{146ADBC6-6B42-421A-82B7-4B96BDAC3488}.Release|Mixed Platforms.Build.0 = Release|Any CPU
		{FB5C48D0-33FE-49E4-B474-76A9D1E0FC87}.Debug|.NET.ActiveCfg = Debug|Any CPU
		{FB5C48D0-33FE-49E4-B474-76A9D1E0FC87}.Debug|Any CPU.ActiveCfg = Debug|Any CPU
		{FB5C48D0-33FE-49E4-B474-76A9D1E0FC87}.Debug|Any CPU.Build.0 = Debug|Any CPU
		{FB5C48D0-33FE-49E4-B474-76A9D1E0FC87}.Debug|Mixed Platforms.ActiveCfg = Debug|Any CPU
		{FB5C48D0-33FE-49E4-B474-76A9D1E0FC87}.Debug|Mixed Platforms.Build.0 = Debug|Any CPU
		{FB5C48D0-33FE-49E4-B474-76A9D1E0FC87}.Release|.NET.ActiveCfg = Release|Any CPU
		{FB5C48D0-33FE-49E4-B474-76A9D1E0FC87}.Release|Any CPU.ActiveCfg = Release|Any CPU
		{FB5C48D0-33FE-49E4-B474-76A9D1E0FC87}.Release|Any CPU.Build.0 = Release|Any CPU
		{FB5C48D0-33FE-49E4-B474-76A9D1E0FC87}.Release|Mixed Platforms.ActiveCfg = Release|Any CPU
		{FB5C48D0-33FE-49E4-B474-76A9D1E0FC87}.Release|Mixed Platforms.Build.0 = Release|Any CPU
		{3E5AA0DF-568B-450F-B0A6-AE2A85341E8F}.Debug|.NET.ActiveCfg = Debug|Any CPU
		{3E5AA0DF-568B-450F-B0A6-AE2A85341E8F}.Debug|Any CPU.ActiveCfg = Debug|Any CPU
		{3E5AA0DF-568B-450F-B0A6-AE2A85341E8F}.Debug|Any CPU.Build.0 = Debug|Any CPU
		{3E5AA0DF-568B-450F-B0A6-AE2A85341E8F}.Debug|Mixed Platforms.ActiveCfg = Debug|Any CPU
		{3E5AA0DF-568B-450F-B0A6-AE2A85341E8F}.Debug|Mixed Platforms.Build.0 = Debug|Any CPU
		{3E5AA0DF-568B-450F-B0A6-AE2A85341E8F}.Release|.NET.ActiveCfg = Debug|Any CPU
		{3E5AA0DF-568B-450F-B0A6-AE2A85341E8F}.Release|Any CPU.ActiveCfg = Debug|Any CPU
		{3E5AA0DF-568B-450F-B0A6-AE2A85341E8F}.Release|Any CPU.Build.0 = Debug|Any CPU
		{3E5AA0DF-568B-450F-B0A6-AE2A85341E8F}.Release|Mixed Platforms.ActiveCfg = Debug|Any CPU
		{3E5AA0DF-568B-450F-B0A6-AE2A85341E8F}.Release|Mixed Platforms.Build.0 = Debug|Any CPU
	EndGlobalSection
	GlobalSection(SolutionProperties) = preSolution
		HideSolutionNode = FALSE
	EndGlobalSection
EndGlobal
